// !$*UTF8*$!
{
	archiveVersion = 1;
	classes = {
	};
	objectVersion = 50;
	objects = {

/* Begin PBXBuildFile section */
		F5505AFE2492B4A200DBFF37 /* AppDelegate.swift in Sources */ = {isa = PBXBuildFile; fileRef = F5505AFD2492B4A200DBFF37 /* AppDelegate.swift */; };
		F5505B002492B4A200DBFF37 /* SceneDelegate.swift in Sources */ = {isa = PBXBuildFile; fileRef = F5505AFF2492B4A200DBFF37 /* SceneDelegate.swift */; };
		F5505B022492B4A200DBFF37 /* ViewController.swift in Sources */ = {isa = PBXBuildFile; fileRef = F5505B012492B4A200DBFF37 /* ViewController.swift */; };
		F5505B072492B4A400DBFF37 /* Assets.xcassets in Resources */ = {isa = PBXBuildFile; fileRef = F5505B062492B4A400DBFF37 /* Assets.xcassets */; };
		F5505B0A2492B4A400DBFF37 /* LaunchScreen.storyboard in Resources */ = {isa = PBXBuildFile; fileRef = F5505B082492B4A400DBFF37 /* LaunchScreen.storyboard */; };
		F5505B152492B4A500DBFF37 /* BusTrackerTests.swift in Sources */ = {isa = PBXBuildFile; fileRef = F5505B142492B4A500DBFF37 /* BusTrackerTests.swift */; };
		F5505B202492B4D500DBFF37 /* APIService.swift in Sources */ = {isa = PBXBuildFile; fileRef = F5505B1F2492B4D500DBFF37 /* APIService.swift */; };
		F5505B212492B4D500DBFF37 /* APIService.swift in Sources */ = {isa = PBXBuildFile; fileRef = F5505B1F2492B4D500DBFF37 /* APIService.swift */; };
		F5505B232492B72E00DBFF37 /* BusService.swift in Sources */ = {isa = PBXBuildFile; fileRef = F5505B222492B72E00DBFF37 /* BusService.swift */; };
		F5505B242492B72E00DBFF37 /* BusService.swift in Sources */ = {isa = PBXBuildFile; fileRef = F5505B222492B72E00DBFF37 /* BusService.swift */; };
		F5505B262492C06600DBFF37 /* BusResponse.swift in Sources */ = {isa = PBXBuildFile; fileRef = F5505B252492C06600DBFF37 /* BusResponse.swift */; };
		F5505B272492C06600DBFF37 /* BusResponse.swift in Sources */ = {isa = PBXBuildFile; fileRef = F5505B252492C06600DBFF37 /* BusResponse.swift */; };
		F5505B292492C1C800DBFF37 /* VehicleType.swift in Sources */ = {isa = PBXBuildFile; fileRef = F5505B282492C1C800DBFF37 /* VehicleType.swift */; };
		F5505B2A2492C1C800DBFF37 /* VehicleType.swift in Sources */ = {isa = PBXBuildFile; fileRef = F5505B282492C1C800DBFF37 /* VehicleType.swift */; };
/* End PBXBuildFile section */

/* Begin PBXContainerItemProxy section */
		F5505B112492B4A500DBFF37 /* PBXContainerItemProxy */ = {
			isa = PBXContainerItemProxy;
			containerPortal = F5505AF22492B4A200DBFF37 /* Project object */;
			proxyType = 1;
			remoteGlobalIDString = F5505AF92492B4A200DBFF37;
			remoteInfo = BusTracker;
		};
/* End PBXContainerItemProxy section */

/* Begin PBXFileReference section */
		F5505AFA2492B4A200DBFF37 /* BusTracker.app */ = {isa = PBXFileReference; explicitFileType = wrapper.application; includeInIndex = 0; path = BusTracker.app; sourceTree = BUILT_PRODUCTS_DIR; };
		F5505AFD2492B4A200DBFF37 /* AppDelegate.swift */ = {isa = PBXFileReference; lastKnownFileType = sourcecode.swift; path = AppDelegate.swift; sourceTree = "<group>"; };
		F5505AFF2492B4A200DBFF37 /* SceneDelegate.swift */ = {isa = PBXFileReference; lastKnownFileType = sourcecode.swift; path = SceneDelegate.swift; sourceTree = "<group>"; };
		F5505B012492B4A200DBFF37 /* ViewController.swift */ = {isa = PBXFileReference; lastKnownFileType = sourcecode.swift; path = ViewController.swift; sourceTree = "<group>"; };
		F5505B062492B4A400DBFF37 /* Assets.xcassets */ = {isa = PBXFileReference; lastKnownFileType = folder.assetcatalog; path = Assets.xcassets; sourceTree = "<group>"; };
		F5505B092492B4A400DBFF37 /* Base */ = {isa = PBXFileReference; lastKnownFileType = file.storyboard; name = Base; path = Base.lproj/LaunchScreen.storyboard; sourceTree = "<group>"; };
		F5505B0B2492B4A400DBFF37 /* Info.plist */ = {isa = PBXFileReference; lastKnownFileType = text.plist.xml; path = Info.plist; sourceTree = "<group>"; };
		F5505B102492B4A500DBFF37 /* BusTrackerTests.xctest */ = {isa = PBXFileReference; explicitFileType = wrapper.cfbundle; includeInIndex = 0; path = BusTrackerTests.xctest; sourceTree = BUILT_PRODUCTS_DIR; };
		F5505B142492B4A500DBFF37 /* BusTrackerTests.swift */ = {isa = PBXFileReference; lastKnownFileType = sourcecode.swift; path = BusTrackerTests.swift; sourceTree = "<group>"; };
		F5505B162492B4A500DBFF37 /* Info.plist */ = {isa = PBXFileReference; lastKnownFileType = text.plist.xml; path = Info.plist; sourceTree = "<group>"; };
		F5505B1F2492B4D500DBFF37 /* APIService.swift */ = {isa = PBXFileReference; lastKnownFileType = sourcecode.swift; path = APIService.swift; sourceTree = "<group>"; };
		F5505B222492B72E00DBFF37 /* BusService.swift */ = {isa = PBXFileReference; lastKnownFileType = sourcecode.swift; path = BusService.swift; sourceTree = "<group>"; };
		F5505B252492C06600DBFF37 /* BusResponse.swift */ = {isa = PBXFileReference; lastKnownFileType = sourcecode.swift; path = BusResponse.swift; sourceTree = "<group>"; };
		F5505B282492C1C800DBFF37 /* VehicleType.swift */ = {isa = PBXFileReference; lastKnownFileType = sourcecode.swift; path = VehicleType.swift; sourceTree = "<group>"; };
/* End PBXFileReference section */

/* Begin PBXFrameworksBuildPhase section */
		F5505AF72492B4A200DBFF37 /* Frameworks */ = {
			isa = PBXFrameworksBuildPhase;
			buildActionMask = 2147483647;
			files = (
			);
			runOnlyForDeploymentPostprocessing = 0;
		};
		F5505B0D2492B4A500DBFF37 /* Frameworks */ = {
			isa = PBXFrameworksBuildPhase;
			buildActionMask = 2147483647;
			files = (
			);
			runOnlyForDeploymentPostprocessing = 0;
		};
/* End PBXFrameworksBuildPhase section */

/* Begin PBXGroup section */
		F5505AF12492B4A200DBFF37 = {
			isa = PBXGroup;
			children = (
				F5505AFC2492B4A200DBFF37 /* BusTracker */,
				F5505B132492B4A500DBFF37 /* BusTrackerTests */,
				F5505AFB2492B4A200DBFF37 /* Products */,
			);
			sourceTree = "<group>";
		};
		F5505AFB2492B4A200DBFF37 /* Products */ = {
			isa = PBXGroup;
			children = (
				F5505AFA2492B4A200DBFF37 /* BusTracker.app */,
				F5505B102492B4A500DBFF37 /* BusTrackerTests.xctest */,
			);
			name = Products;
			sourceTree = "<group>";
		};
		F5505AFC2492B4A200DBFF37 /* BusTracker */ = {
			isa = PBXGroup;
			children = (
				F5505AFD2492B4A200DBFF37 /* AppDelegate.swift */,
				F5505AFF2492B4A200DBFF37 /* SceneDelegate.swift */,
				F5505B012492B4A200DBFF37 /* ViewController.swift */,
				F5505B2B2492C30D00DBFF37 /* Network */,
				F5505B2C2492C32300DBFF37 /* Model */,
				F5505B062492B4A400DBFF37 /* Assets.xcassets */,
				F5505B082492B4A400DBFF37 /* LaunchScreen.storyboard */,
				F5505B0B2492B4A400DBFF37 /* Info.plist */,
			);
			path = BusTracker;
			sourceTree = "<group>";
		};
		F5505B132492B4A500DBFF37 /* BusTrackerTests */ = {
			isa = PBXGroup;
			children = (
				F5505B142492B4A500DBFF37 /* BusTrackerTests.swift */,
				F5505B162492B4A500DBFF37 /* Info.plist */,
			);
			path = BusTrackerTests;
			sourceTree = "<group>";
		};
		F5505B2B2492C30D00DBFF37 /* Network */ = {
			isa = PBXGroup;
			children = (
				F5505B222492B72E00DBFF37 /* BusService.swift */,
				F5505B1F2492B4D500DBFF37 /* APIService.swift */,
			);
			path = Network;
			sourceTree = "<group>";
		};
		F5505B2C2492C32300DBFF37 /* Model */ = {
			isa = PBXGroup;
			children = (
				F5505B252492C06600DBFF37 /* BusResponse.swift */,
				F5505B282492C1C800DBFF37 /* VehicleType.swift */,
			);
			path = Model;
			sourceTree = "<group>";
		};
/* End PBXGroup section */

/* Begin PBXNativeTarget section */
		F5505AF92492B4A200DBFF37 /* BusTracker */ = {
			isa = PBXNativeTarget;
			buildConfigurationList = F5505B192492B4A500DBFF37 /* Build configuration list for PBXNativeTarget "BusTracker" */;
			buildPhases = (
				F5505AF62492B4A200DBFF37 /* Sources */,
				F5505AF72492B4A200DBFF37 /* Frameworks */,
				F5505AF82492B4A200DBFF37 /* Resources */,
			);
			buildRules = (
			);
			dependencies = (
			);
			name = BusTracker;
			productName = BusTracker;
			productReference = F5505AFA2492B4A200DBFF37 /* BusTracker.app */;
			productType = "com.apple.product-type.application";
		};
		F5505B0F2492B4A500DBFF37 /* BusTrackerTests */ = {
			isa = PBXNativeTarget;
			buildConfigurationList = F5505B1C2492B4A500DBFF37 /* Build configuration list for PBXNativeTarget "BusTrackerTests" */;
			buildPhases = (
				F5505B0C2492B4A500DBFF37 /* Sources */,
				F5505B0D2492B4A500DBFF37 /* Frameworks */,
				F5505B0E2492B4A500DBFF37 /* Resources */,
			);
			buildRules = (
			);
			dependencies = (
				F5505B122492B4A500DBFF37 /* PBXTargetDependency */,
			);
			name = BusTrackerTests;
			productName = BusTrackerTests;
			productReference = F5505B102492B4A500DBFF37 /* BusTrackerTests.xctest */;
			productType = "com.apple.product-type.bundle.unit-test";
		};
/* End PBXNativeTarget section */

/* Begin PBXProject section */
		F5505AF22492B4A200DBFF37 /* Project object */ = {
			isa = PBXProject;
			attributes = {
				LastSwiftUpdateCheck = 1130;
				LastUpgradeCheck = 1130;
				ORGANIZATIONNAME = "Oleksandra Sildushkina";
				TargetAttributes = {
					F5505AF92492B4A200DBFF37 = {
						CreatedOnToolsVersion = 11.3.1;
					};
					F5505B0F2492B4A500DBFF37 = {
						CreatedOnToolsVersion = 11.3.1;
						TestTargetID = F5505AF92492B4A200DBFF37;
					};
				};
			};
			buildConfigurationList = F5505AF52492B4A200DBFF37 /* Build configuration list for PBXProject "BusTracker" */;
			compatibilityVersion = "Xcode 9.3";
			developmentRegion = en;
			hasScannedForEncodings = 0;
			knownRegions = (
				en,
				Base,
			);
			mainGroup = F5505AF12492B4A200DBFF37;
			productRefGroup = F5505AFB2492B4A200DBFF37 /* Products */;
			projectDirPath = "";
			projectRoot = "";
			targets = (
				F5505AF92492B4A200DBFF37 /* BusTracker */,
				F5505B0F2492B4A500DBFF37 /* BusTrackerTests */,
			);
		};
/* End PBXProject section */

/* Begin PBXResourcesBuildPhase section */
		F5505AF82492B4A200DBFF37 /* Resources */ = {
			isa = PBXResourcesBuildPhase;
			buildActionMask = 2147483647;
			files = (
				F5505B0A2492B4A400DBFF37 /* LaunchScreen.storyboard in Resources */,
				F5505B072492B4A400DBFF37 /* Assets.xcassets in Resources */,
			);
			runOnlyForDeploymentPostprocessing = 0;
		};
		F5505B0E2492B4A500DBFF37 /* Resources */ = {
			isa = PBXResourcesBuildPhase;
			buildActionMask = 2147483647;
			files = (
			);
			runOnlyForDeploymentPostprocessing = 0;
		};
/* End PBXResourcesBuildPhase section */

/* Begin PBXSourcesBuildPhase section */
		F5505AF62492B4A200DBFF37 /* Sources */ = {
			isa = PBXSourcesBuildPhase;
			buildActionMask = 2147483647;
			files = (
				F5505B022492B4A200DBFF37 /* ViewController.swift in Sources */,
				F5505AFE2492B4A200DBFF37 /* AppDelegate.swift in Sources */,
				F5505B232492B72E00DBFF37 /* BusService.swift in Sources */,
				F5505B202492B4D500DBFF37 /* APIService.swift in Sources */,
				F5505B002492B4A200DBFF37 /* SceneDelegate.swift in Sources */,
				F5505B292492C1C800DBFF37 /* VehicleType.swift in Sources */,
				F5505B262492C06600DBFF37 /* BusResponse.swift in Sources */,
			);
			runOnlyForDeploymentPostprocessing = 0;
		};
		F5505B0C2492B4A500DBFF37 /* Sources */ = {
			isa = PBXSourcesBuildPhase;
			buildActionMask = 2147483647;
			files = (
				F5505B212492B4D500DBFF37 /* APIService.swift in Sources */,
				F5505B272492C06600DBFF37 /* BusResponse.swift in Sources */,
				F5505B242492B72E00DBFF37 /* BusService.swift in Sources */,
				F5505B2A2492C1C800DBFF37 /* VehicleType.swift in Sources */,
				F5505B152492B4A500DBFF37 /* BusTrackerTests.swift in Sources */,
			);
			runOnlyForDeploymentPostprocessing = 0;
		};
/* End PBXSourcesBuildPhase section */

/* Begin PBXTargetDependency section */
		F5505B122492B4A500DBFF37 /* PBXTargetDependency */ = {
			isa = PBXTargetDependency;
			target = F5505AF92492B4A200DBFF37 /* BusTracker */;
			targetProxy = F5505B112492B4A500DBFF37 /* PBXContainerItemProxy */;
		};
/* End PBXTargetDependency section */

/* Begin PBXVariantGroup section */
		F5505B082492B4A400DBFF37 /* LaunchScreen.storyboard */ = {
			isa = PBXVariantGroup;
			children = (
				F5505B092492B4A400DBFF37 /* Base */,
			);
			name = LaunchScreen.storyboard;
			sourceTree = "<group>";
		};
/* End PBXVariantGroup section */

/* Begin XCBuildConfiguration section */
		F5505B172492B4A500DBFF37 /* Debug */ = {
			isa = XCBuildConfiguration;
			buildSettings = {
				ALWAYS_SEARCH_USER_PATHS = NO;
				CLANG_ANALYZER_NONNULL = YES;
				CLANG_ANALYZER_NUMBER_OBJECT_CONVERSION = YES_AGGRESSIVE;
				CLANG_CXX_LANGUAGE_STANDARD = "gnu++14";
				CLANG_CXX_LIBRARY = "libc++";
				CLANG_ENABLE_MODULES = YES;
				CLANG_ENABLE_OBJC_ARC = YES;
				CLANG_ENABLE_OBJC_WEAK = YES;
				CLANG_WARN_BLOCK_CAPTURE_AUTORELEASING = YES;
				CLANG_WARN_BOOL_CONVERSION = YES;
				CLANG_WARN_COMMA = YES;
				CLANG_WARN_CONSTANT_CONVERSION = YES;
				CLANG_WARN_DEPRECATED_OBJC_IMPLEMENTATIONS = YES;
				CLANG_WARN_DIRECT_OBJC_ISA_USAGE = YES_ERROR;
				CLANG_WARN_DOCUMENTATION_COMMENTS = YES;
				CLANG_WARN_EMPTY_BODY = YES;
				CLANG_WARN_ENUM_CONVERSION = YES;
				CLANG_WARN_INFINITE_RECURSION = YES;
				CLANG_WARN_INT_CONVERSION = YES;
				CLANG_WARN_NON_LITERAL_NULL_CONVERSION = YES;
				CLANG_WARN_OBJC_IMPLICIT_RETAIN_SELF = YES;
				CLANG_WARN_OBJC_LITERAL_CONVERSION = YES;
				CLANG_WARN_OBJC_ROOT_CLASS = YES_ERROR;
				CLANG_WARN_RANGE_LOOP_ANALYSIS = YES;
				CLANG_WARN_STRICT_PROTOTYPES = YES;
				CLANG_WARN_SUSPICIOUS_MOVE = YES;
				CLANG_WARN_UNGUARDED_AVAILABILITY = YES_AGGRESSIVE;
				CLANG_WARN_UNREACHABLE_CODE = YES;
				CLANG_WARN__DUPLICATE_METHOD_MATCH = YES;
				COPY_PHASE_STRIP = NO;
				DEBUG_INFORMATION_FORMAT = dwarf;
				ENABLE_STRICT_OBJC_MSGSEND = YES;
				ENABLE_TESTABILITY = YES;
				GCC_C_LANGUAGE_STANDARD = gnu11;
				GCC_DYNAMIC_NO_PIC = NO;
				GCC_NO_COMMON_BLOCKS = YES;
				GCC_OPTIMIZATION_LEVEL = 0;
				GCC_PREPROCESSOR_DEFINITIONS = (
					"DEBUG=1",
					"$(inherited)",
				);
				GCC_WARN_64_TO_32_BIT_CONVERSION = YES;
				GCC_WARN_ABOUT_RETURN_TYPE = YES_ERROR;
				GCC_WARN_UNDECLARED_SELECTOR = YES;
				GCC_WARN_UNINITIALIZED_AUTOS = YES_AGGRESSIVE;
				GCC_WARN_UNUSED_FUNCTION = YES;
				GCC_WARN_UNUSED_VARIABLE = YES;
				IPHONEOS_DEPLOYMENT_TARGET = 13.2;
				MTL_ENABLE_DEBUG_INFO = INCLUDE_SOURCE;
				MTL_FAST_MATH = YES;
				ONLY_ACTIVE_ARCH = YES;
				SDKROOT = iphoneos;
				SWIFT_ACTIVE_COMPILATION_CONDITIONS = DEBUG;
				SWIFT_OPTIMIZATION_LEVEL = "-Onone";
			};
			name = Debug;
		};
		F5505B182492B4A500DBFF37 /* Release */ = {
			isa = XCBuildConfiguration;
			buildSettings = {
				ALWAYS_SEARCH_USER_PATHS = NO;
				CLANG_ANALYZER_NONNULL = YES;
				CLANG_ANALYZER_NUMBER_OBJECT_CONVERSION = YES_AGGRESSIVE;
				CLANG_CXX_LANGUAGE_STANDARD = "gnu++14";
				CLANG_CXX_LIBRARY = "libc++";
				CLANG_ENABLE_MODULES = YES;
				CLANG_ENABLE_OBJC_ARC = YES;
				CLANG_ENABLE_OBJC_WEAK = YES;
				CLANG_WARN_BLOCK_CAPTURE_AUTORELEASING = YES;
				CLANG_WARN_BOOL_CONVERSION = YES;
				CLANG_WARN_COMMA = YES;
				CLANG_WARN_CONSTANT_CONVERSION = YES;
				CLANG_WARN_DEPRECATED_OBJC_IMPLEMENTATIONS = YES;
				CLANG_WARN_DIRECT_OBJC_ISA_USAGE = YES_ERROR;
				CLANG_WARN_DOCUMENTATION_COMMENTS = YES;
				CLANG_WARN_EMPTY_BODY = YES;
				CLANG_WARN_ENUM_CONVERSION = YES;
				CLANG_WARN_INFINITE_RECURSION = YES;
				CLANG_WARN_INT_CONVERSION = YES;
				CLANG_WARN_NON_LITERAL_NULL_CONVERSION = YES;
				CLANG_WARN_OBJC_IMPLICIT_RETAIN_SELF = YES;
				CLANG_WARN_OBJC_LITERAL_CONVERSION = YES;
				CLANG_WARN_OBJC_ROOT_CLASS = YES_ERROR;
				CLANG_WARN_RANGE_LOOP_ANALYSIS = YES;
				CLANG_WARN_STRICT_PROTOTYPES = YES;
				CLANG_WARN_SUSPICIOUS_MOVE = YES;
				CLANG_WARN_UNGUARDED_AVAILABILITY = YES_AGGRESSIVE;
				CLANG_WARN_UNREACHABLE_CODE = YES;
				CLANG_WARN__DUPLICATE_METHOD_MATCH = YES;
				COPY_PHASE_STRIP = NO;
				DEBUG_INFORMATION_FORMAT = "dwarf-with-dsym";
				ENABLE_NS_ASSERTIONS = NO;
				ENABLE_STRICT_OBJC_MSGSEND = YES;
				GCC_C_LANGUAGE_STANDARD = gnu11;
				GCC_NO_COMMON_BLOCKS = YES;
				GCC_WARN_64_TO_32_BIT_CONVERSION = YES;
				GCC_WARN_ABOUT_RETURN_TYPE = YES_ERROR;
				GCC_WARN_UNDECLARED_SELECTOR = YES;
				GCC_WARN_UNINITIALIZED_AUTOS = YES_AGGRESSIVE;
				GCC_WARN_UNUSED_FUNCTION = YES;
				GCC_WARN_UNUSED_VARIABLE = YES;
				IPHONEOS_DEPLOYMENT_TARGET = 13.2;
				MTL_ENABLE_DEBUG_INFO = NO;
				MTL_FAST_MATH = YES;
				SDKROOT = iphoneos;
				SWIFT_COMPILATION_MODE = wholemodule;
				SWIFT_OPTIMIZATION_LEVEL = "-O";
				VALIDATE_PRODUCT = YES;
			};
			name = Release;
		};
		F5505B1A2492B4A500DBFF37 /* Debug */ = {
			isa = XCBuildConfiguration;
			buildSettings = {
				ASSETCATALOG_COMPILER_APPICON_NAME = AppIcon;
				CODE_SIGN_STYLE = Automatic;
				DEVELOPMENT_TEAM = 56Q6SR3DF7;
				INFOPLIST_FILE = BusTracker/Info.plist;
				LD_RUNPATH_SEARCH_PATHS = (
					"$(inherited)",
					"@executable_path/Frameworks",
				);
				PRODUCT_BUNDLE_IDENTIFIER = com.osildushkina.BusTracker;
				PRODUCT_NAME = "$(TARGET_NAME)";
				SWIFT_VERSION = 5.0;
				TARGETED_DEVICE_FAMILY = "1,2";
			};
			name = Debug;
		};
		F5505B1B2492B4A500DBFF37 /* Release */ = {
			isa = XCBuildConfiguration;
			buildSettings = {
				ASSETCATALOG_COMPILER_APPICON_NAME = AppIcon;
				CODE_SIGN_STYLE = Automatic;
				DEVELOPMENT_TEAM = 56Q6SR3DF7;
				INFOPLIST_FILE = BusTracker/Info.plist;
				LD_RUNPATH_SEARCH_PATHS = (
					"$(inherited)",
					"@executable_path/Frameworks",
				);
				PRODUCT_BUNDLE_IDENTIFIER = com.osildushkina.BusTracker;
				PRODUCT_NAME = "$(TARGET_NAME)";
				SWIFT_VERSION = 5.0;
				TARGETED_DEVICE_FAMILY = "1,2";
			};
			name = Release;
		};
		F5505B1D2492B4A500DBFF37 /* Debug */ = {
			isa = XCBuildConfiguration;
			buildSettings = {
				ALWAYS_EMBED_SWIFT_STANDARD_LIBRARIES = YES;
				BUNDLE_LOADER = "$(TEST_HOST)";
				CODE_SIGN_STYLE = Automatic;
				DEVELOPMENT_TEAM = 56Q6SR3DF7;
				INFOPLIST_FILE = BusTrackerTests/Info.plist;
				IPHONEOS_DEPLOYMENT_TARGET = 13.2;
				LD_RUNPATH_SEARCH_PATHS = (
					"$(inherited)",
					"@executable_path/Frameworks",
					"@loader_path/Frameworks",
				);
				PRODUCT_BUNDLE_IDENTIFIER = com.osildushkina.BusTrackerTests;
				PRODUCT_NAME = "$(TARGET_NAME)";
				SWIFT_VERSION = 5.0;
				TARGETED_DEVICE_FAMILY = "1,2";
				TEST_HOST = "$(BUILT_PRODUCTS_DIR)/BusTracker.app/BusTracker";
			};
			name = Debug;
		};
		F5505B1E2492B4A500DBFF37 /* Release */ = {
			isa = XCBuildConfiguration;
			buildSettings = {
				ALWAYS_EMBED_SWIFT_STANDARD_LIBRARIES = YES;
				BUNDLE_LOADER = "$(TEST_HOST)";
				CODE_SIGN_STYLE = Automatic;
				DEVELOPMENT_TEAM = 56Q6SR3DF7;
				INFOPLIST_FILE = BusTrackerTests/Info.plist;
				IPHONEOS_DEPLOYMENT_TARGET = 13.2;
				LD_RUNPATH_SEARCH_PATHS = (
					"$(inherited)",
					"@executable_path/Frameworks",
					"@loader_path/Frameworks",
				);
				PRODUCT_BUNDLE_IDENTIFIER = com.osildushkina.BusTrackerTests;
				PRODUCT_NAME = "$(TARGET_NAME)";
				SWIFT_VERSION = 5.0;
				TARGETED_DEVICE_FAMILY = "1,2";
				TEST_HOST = "$(BUILT_PRODUCTS_DIR)/BusTracker.app/BusTracker";
			};
			name = Release;
		};
/* End XCBuildConfiguration section */

/* Begin XCConfigurationList section */
		F5505AF52492B4A200DBFF37 /* Build configuration list for PBXProject "BusTracker" */ = {
			isa = XCConfigurationList;
			buildConfigurations = (
				F5505B172492B4A500DBFF37 /* Debug */,
				F5505B182492B4A500DBFF37 /* Release */,
			);
			defaultConfigurationIsVisible = 0;
			defaultConfigurationName = Release;
		};
		F5505B192492B4A500DBFF37 /* Build configuration list for PBXNativeTarget "BusTracker" */ = {
			isa = XCConfigurationList;
			buildConfigurations = (
				F5505B1A2492B4A500DBFF37 /* Debug */,
				F5505B1B2492B4A500DBFF37 /* Release */,
			);
			defaultConfigurationIsVisible = 0;
			defaultConfigurationName = Release;
		};
		F5505B1C2492B4A500DBFF37 /* Build configuration list for PBXNativeTarget "BusTrackerTests" */ = {
			isa = XCConfigurationList;
			buildConfigurations = (
				F5505B1D2492B4A500DBFF37 /* Debug */,
				F5505B1E2492B4A500DBFF37 /* Release */,
			);
			defaultConfigurationIsVisible = 0;
			defaultConfigurationName = Release;
		};
/* End XCConfigurationList section */
	};
	rootObject = F5505AF22492B4A200DBFF37 /* Project object */;
}
